
Microsoft Visual Studio Solution File, Format Version 12.00
# Visual Studio Version 16
VisualStudioVersion = 16.0.33130.400
MinimumVisualStudioVersion = 10.0.40219.1
Project("{FAE04EC0-301F-11D3-BF4B-00C04F79EFBC}") = "i-02-2-Command", "i-02-2-Command\i-02-2-Command.csproj", "{D3B2B835-1F7D-462D-915E-D53F43C77C17}"
EndProject
Global
	GlobalSection(SolutionConfigurationPlatforms) = preSolution
		Debug|Any CPU = Debug|Any CPU
		Release|Any CPU = Release|Any CPU
	EndGlobalSection
	GlobalSection(ProjectConfigurationPlatforms) = postSolution
		{D3B2B835-1F7D-462D-915E-D53F43C77C17}.Debug|Any CPU.ActiveCfg = Debug|Any CPU
		{D3B2B835-1F7D-462D-915E-D53F43C77C17}.Debug|Any CPU.Build.0 = Debug|Any CPU
		{D3B2B835-1F7D-462D-915E-D53F43C77C17}.Release|Any CPU.ActiveCfg = Release|Any CPU
		{D3B2B835-1F7D-462D-915E-D53F43C77C17}.Release|Any CPU.Build.0 = Release|Any CPU
	EndGlobalSection
	GlobalSection(SolutionProperties) = preSolution
		HideSolutionNode = FALSE
	EndGlobalSection
	GlobalSection(ExtensibilityGlobals) = postSolution
		SolutionGuid = {6795FAEF-02DC-4C1E-A9E4-6368F37CEE44}
	EndGlobalSection
EndGlobal
